
Microsoft Visual Studio Solution File, Format Version 12.00
# Visual Studio Version 17
VisualStudioVersion = 17.7.34031.279
MinimumVisualStudioVersion = 10.0.40219.1
Project("{FAE04EC0-301F-11D3-BF4B-00C04F79EFBC}") = "csharp.Tests", "csharp.Tests\csharp.Tests.csproj", "{5EB07F09-6BF6-4E60-9789-8846938D6ECE}"
EndProject
Global
	GlobalSection(SolutionConfigurationPlatforms) = preSolution
		Debug|Any CPU = Debug|Any CPU
		Release|Any CPU = Release|Any CPU
	EndGlobalSection
	GlobalSection(ProjectConfigurationPlatforms) = postSolution
		{5EB07F09-6BF6-4E60-9789-8846938D6ECE}.Debug|Any CPU.ActiveCfg = Debug|Any CPU
		{5EB07F09-6BF6-4E60-9789-8846938D6ECE}.Debug|Any CPU.Build.0 = Debug|Any CPU
		{5EB07F09-6BF6-4E60-9789-8846938D6ECE}.Release|Any CPU.ActiveCfg = Release|Any CPU
		{5EB07F09-6BF6-4E60-9789-8846938D6ECE}.Release|Any CPU.Build.0 = Release|Any CPU
	EndGlobalSection
	GlobalSection(SolutionProperties) = preSolution
		HideSolutionNode = FALSE
	EndGlobalSection
	GlobalSection(ExtensibilityGlobals) = postSolution
		SolutionGuid = {0536525B-8F9D-46BD-BAE3-FD0C7D346435}
	EndGlobalSection
EndGlobal
